
Microsoft Visual Studio Solution File, Format Version 12.00
# Visual Studio 2013
VisualStudioVersion = 12.0.30723.0
MinimumVisualStudioVersion = 10.0.40219.1
Project("{FAE04EC0-301F-11D3-BF4B-00C04F79EFBC}") = "Asynchrony", "Asynchrony\Asynchrony.csproj", "{0DCF1C9D-5731-4CDD-9D60-DDE786E146E5}"
EndProject
Project("{FAE04EC0-301F-11D3-BF4B-00C04F79EFBC}") = "Asynchrony.Tests", "Asynchrony.Tests\Asynchrony.Tests.csproj", "{70E21CE3-7178-43E2-BF47-0AF933C0544C}"
EndProject
Global
	GlobalSection(SolutionConfigurationPlatforms) = preSolution
		Debug|Any CPU = Debug|Any CPU
		Release|Any CPU = Release|Any CPU
	EndGlobalSection
	GlobalSection(ProjectConfigurationPlatforms) = postSolution
		{0DCF1C9D-5731-4CDD-9D60-DDE786E146E5}.Debug|Any CPU.ActiveCfg = Debug|Any CPU
		{0DCF1C9D-5731-4CDD-9D60-DDE786E146E5}.Debug|Any CPU.Build.0 = Debug|Any CPU
		{0DCF1C9D-5731-4CDD-9D60-DDE786E146E5}.Release|Any CPU.ActiveCfg = Release|Any CPU
		{0DCF1C9D-5731-4CDD-9D60-DDE786E146E5}.Release|Any CPU.Build.0 = Release|Any CPU
		{70E21CE3-7178-43E2-BF47-0AF933C0544C}.Debug|Any CPU.ActiveCfg = Debug|Any CPU
		{70E21CE3-7178-43E2-BF47-0AF933C0544C}.Debug|Any CPU.Build.0 = Debug|Any CPU
		{70E21CE3-7178-43E2-BF47-0AF933C0544C}.Release|Any CPU.ActiveCfg = Release|Any CPU
		{70E21CE3-7178-43E2-BF47-0AF933C0544C}.Release|Any CPU.Build.0 = Release|Any CPU
	EndGlobalSection
	GlobalSection(SolutionProperties) = preSolution
		HideSolutionNode = FALSE
	EndGlobalSection
EndGlobal
